
Microsoft Visual Studio Solution File, Format Version 12.00
# Visual Studio 15
VisualStudioVersion = 15.0.27428.2037
MinimumVisualStudioVersion = 10.0.40219.1
Project("{FAE04EC0-301F-11D3-BF4B-00C04F79EFBC}") = "SocketLib_Multicast", "SocketLib_Multicast\SocketLib_Multicast.csproj", "{00CFBF4A-556B-4BA5-AE53-A8345B683C4E}"
EndProject
Project("{FAE04EC0-301F-11D3-BF4B-00C04F79EFBC}") = "Demo", "Demo\Demo.csproj", "{64DEC94F-EF62-4BD0-B840-C5BA920B4F67}"
EndProject
Global
	GlobalSection(SolutionConfigurationPlatforms) = preSolution
		Debug|Any CPU = Debug|Any CPU
		Release|Any CPU = Release|Any CPU
	EndGlobalSection
	GlobalSection(ProjectConfigurationPlatforms) = postSolution
		{00CFBF4A-556B-4BA5-AE53-A8345B683C4E}.Debug|Any CPU.ActiveCfg = Debug|Any CPU
		{00CFBF4A-556B-4BA5-AE53-A8345B683C4E}.Debug|Any CPU.Build.0 = Debug|Any CPU
		{00CFBF4A-556B-4BA5-AE53-A8345B683C4E}.Release|Any CPU.ActiveCfg = Release|Any CPU
		{00CFBF4A-556B-4BA5-AE53-A8345B683C4E}.Release|Any CPU.Build.0 = Release|Any CPU
		{64DEC94F-EF62-4BD0-B840-C5BA920B4F67}.Debug|Any CPU.ActiveCfg = Debug|Any CPU
		{64DEC94F-EF62-4BD0-B840-C5BA920B4F67}.Debug|Any CPU.Build.0 = Debug|Any CPU
		{64DEC94F-EF62-4BD0-B840-C5BA920B4F67}.Release|Any CPU.ActiveCfg = Release|Any CPU
		{64DEC94F-EF62-4BD0-B840-C5BA920B4F67}.Release|Any CPU.Build.0 = Release|Any CPU
	EndGlobalSection
	GlobalSection(SolutionProperties) = preSolution
		HideSolutionNode = FALSE
	EndGlobalSection
	GlobalSection(ExtensibilityGlobals) = postSolution
		SolutionGuid = {012F0B23-46A4-4E43-A2CC-0973658935B8}
	EndGlobalSection
EndGlobal
